// !$*UTF8*$!
{
	archiveVersion = 1;
	classes = {
	};
	objectVersion = 46;
	objects = {

/* Begin PBXBuildFile section */
		570EC69B18F2615D00325F91 /* ProfileViewController.m in Sources */ = {isa = PBXBuildFile; fileRef = 570EC69A18F2615D00325F91 /* ProfileViewController.m */; };
		571202DF18EE2D7700CC2C42 /* libz.dylib in Frameworks */ = {isa = PBXBuildFile; fileRef = 571202DE18EE2D7700CC2C42 /* libz.dylib */; };
		571202E218EE2D8A00CC2C42 /* AudioToolbox.framework in Frameworks */ = {isa = PBXBuildFile; fileRef = 571202E018EE2D8A00CC2C42 /* AudioToolbox.framework */; };
		571202E318EE2D8A00CC2C42 /* CoreLocation.framework in Frameworks */ = {isa = PBXBuildFile; fileRef = 571202E118EE2D8A00CC2C42 /* CoreLocation.framework */; };
		571202E918EE2DAE00CC2C42 /* MobileCoreServices.framework in Frameworks */ = {isa = PBXBuildFile; fileRef = 571202E418EE2DAE00CC2C42 /* MobileCoreServices.framework */; };
		571202EA18EE2DAE00CC2C42 /* QuartzCore.framework in Frameworks */ = {isa = PBXBuildFile; fileRef = 571202E518EE2DAE00CC2C42 /* QuartzCore.framework */; };
		571202EB18EE2DAE00CC2C42 /* Security.framework in Frameworks */ = {isa = PBXBuildFile; fileRef = 571202E618EE2DAE00CC2C42 /* Security.framework */; };
		571202EC18EE2DAE00CC2C42 /* StoreKit.framework in Frameworks */ = {isa = PBXBuildFile; fileRef = 571202E718EE2DAE00CC2C42 /* StoreKit.framework */; };
		571202ED18EE2DAE00CC2C42 /* SystemConfiguration.framework in Frameworks */ = {isa = PBXBuildFile; fileRef = 571202E818EE2DAE00CC2C42 /* SystemConfiguration.framework */; };
		57435CFA18F1003200B6D587 /* SignUpViewController.m in Sources */ = {isa = PBXBuildFile; fileRef = 57435CF918F1003200B6D587 /* SignUpViewController.m */; };
		57435D3D18F1CC8700B6D587 /* back3.png in Resources */ = {isa = PBXBuildFile; fileRef = 57435D3C18F1CC8700B6D587 /* back3.png */; };
		57435D4118F1D66A00B6D587 /* user.png in Resources */ = {isa = PBXBuildFile; fileRef = 57435D4018F1D66A00B6D587 /* user.png */; };
		57435D4318F1D72300B6D587 /* search.png in Resources */ = {isa = PBXBuildFile; fileRef = 57435D4218F1D72300B6D587 /* search.png */; };
		57435D4718F1D80500B6D587 /* add.png in Resources */ = {isa = PBXBuildFile; fileRef = 57435D4618F1D80500B6D587 /* add.png */; };
		57435D4918F1DD4600B6D587 /* go.png in Resources */ = {isa = PBXBuildFile; fileRef = 57435D4818F1DD4600B6D587 /* go.png */; };
		57435D4B18F1DF9C00B6D587 /* back.png in Resources */ = {isa = PBXBuildFile; fileRef = 57435D4A18F1DF9C00B6D587 /* back.png */; };
		57435D4E18F1DFF000B6D587 /* LoginViewController.m in Sources */ = {isa = PBXBuildFile; fileRef = 57435D4D18F1DFF000B6D587 /* LoginViewController.m */; };
		57435D5218F202D400B6D587 /* fb.png in Resources */ = {isa = PBXBuildFile; fileRef = 57435D5118F202D400B6D587 /* fb.png */; };
		57435D5718F254F400B6D587 /* defualtuser.png in Resources */ = {isa = PBXBuildFile; fileRef = 57435D5618F254F400B6D587 /* defualtuser.png */; };
		57480CEA18EF958400E14E90 /* back2.gif in Resources */ = {isa = PBXBuildFile; fileRef = 57480CE918EF958400E14E90 /* back2.gif */; };
		574B8FB518EE1C53007876C4 /* Foundation.framework in Frameworks */ = {isa = PBXBuildFile; fileRef = 574B8FB418EE1C53007876C4 /* Foundation.framework */; };
		574B8FB718EE1C53007876C4 /* CoreGraphics.framework in Frameworks */ = {isa = PBXBuildFile; fileRef = 574B8FB618EE1C53007876C4 /* CoreGraphics.framework */; };
		574B8FB918EE1C53007876C4 /* UIKit.framework in Frameworks */ = {isa = PBXBuildFile; fileRef = 574B8FB818EE1C53007876C4 /* UIKit.framework */; };
		574B8FBF18EE1C53007876C4 /* InfoPlist.strings in Resources */ = {isa = PBXBuildFile; fileRef = 574B8FBD18EE1C53007876C4 /* InfoPlist.strings */; };
		574B8FC118EE1C53007876C4 /* main.m in Sources */ = {isa = PBXBuildFile; fileRef = 574B8FC018EE1C53007876C4 /* main.m */; };
		574B8FC518EE1C53007876C4 /* AppDelegate.m in Sources */ = {isa = PBXBuildFile; fileRef = 574B8FC418EE1C53007876C4 /* AppDelegate.m */; };
		574B8FC818EE1C53007876C4 /* Main.storyboard in Resources */ = {isa = PBXBuildFile; fileRef = 574B8FC618EE1C53007876C4 /* Main.storyboard */; };
		574B8FCB18EE1C53007876C4 /* ViewController.m in Sources */ = {isa = PBXBuildFile; fileRef = 574B8FCA18EE1C53007876C4 /* ViewController.m */; };
		574B8FCD18EE1C53007876C4 /* Images.xcassets in Resources */ = {isa = PBXBuildFile; fileRef = 574B8FCC18EE1C53007876C4 /* Images.xcassets */; };
		574B8FD418EE1C53007876C4 /* XCTest.framework in Frameworks */ = {isa = PBXBuildFile; fileRef = 574B8FD318EE1C53007876C4 /* XCTest.framework */; };
		574B8FD518EE1C53007876C4 /* Foundation.framework in Frameworks */ = {isa = PBXBuildFile; fileRef = 574B8FB418EE1C53007876C4 /* Foundation.framework */; };
		574B8FD618EE1C53007876C4 /* UIKit.framework in Frameworks */ = {isa = PBXBuildFile; fileRef = 574B8FB818EE1C53007876C4 /* UIKit.framework */; };
		574B8FDE18EE1C53007876C4 /* InfoPlist.strings in Resources */ = {isa = PBXBuildFile; fileRef = 574B8FDC18EE1C53007876C4 /* InfoPlist.strings */; };
		574B8FE018EE1C53007876C4 /* ios_projectomega6Tests.m in Sources */ = {isa = PBXBuildFile; fileRef = 574B8FDF18EE1C53007876C4 /* ios_projectomega6Tests.m */; };
		574B8FEA18EE2629007876C4 /* Parse.framework in Frameworks */ = {isa = PBXBuildFile; fileRef = 574B8FE918EE2629007876C4 /* Parse.framework */; };
/* End PBXBuildFile section */

/* Begin PBXContainerItemProxy section */
		574B8FD718EE1C53007876C4 /* PBXContainerItemProxy */ = {
			isa = PBXContainerItemProxy;
			containerPortal = 574B8FA918EE1C52007876C4 /* Project object */;
			proxyType = 1;
			remoteGlobalIDString = 574B8FB018EE1C52007876C4;
			remoteInfo = "ios-projectomega6";
		};
/* End PBXContainerItemProxy section */

/* Begin PBXFileReference section */
		570EC69918F2615D00325F91 /* ProfileViewController.h */ = {isa = PBXFileReference; fileEncoding = 4; lastKnownFileType = sourcecode.c.h; name = ProfileViewController.h; path = ../ProfileViewController.h; sourceTree = "<group>"; };
		570EC69A18F2615D00325F91 /* ProfileViewController.m */ = {isa = PBXFileReference; fileEncoding = 4; lastKnownFileType = sourcecode.c.objc; name = ProfileViewController.m; path = ../ProfileViewController.m; sourceTree = "<group>"; };
		571202DE18EE2D7700CC2C42 /* libz.dylib */ = {isa = PBXFileReference; lastKnownFileType = "compiled.mach-o.dylib"; name = libz.dylib; path = usr/lib/libz.dylib; sourceTree = SDKROOT; };
		571202E018EE2D8A00CC2C42 /* AudioToolbox.framework */ = {isa = PBXFileReference; lastKnownFileType = wrapper.framework; name = AudioToolbox.framework; path = System/Library/Frameworks/AudioToolbox.framework; sourceTree = SDKROOT; };
		571202E118EE2D8A00CC2C42 /* CoreLocation.framework */ = {isa = PBXFileReference; lastKnownFileType = wrapper.framework; name = CoreLocation.framework; path = System/Library/Frameworks/CoreLocation.framework; sourceTree = SDKROOT; };
		571202E418EE2DAE00CC2C42 /* MobileCoreServices.framework */ = {isa = PBXFileReference; lastKnownFileType = wrapper.framework; name = MobileCoreServices.framework; path = System/Library/Frameworks/MobileCoreServices.framework; sourceTree = SDKROOT; };
		571202E518EE2DAE00CC2C42 /* QuartzCore.framework */ = {isa = PBXFileReference; lastKnownFileType = wrapper.framework; name = QuartzCore.framework; path = System/Library/Frameworks/QuartzCore.framework; sourceTree = SDKROOT; };
		571202E618EE2DAE00CC2C42 /* Security.framework */ = {isa = PBXFileReference; lastKnownFileType = wrapper.framework; name = Security.framework; path = System/Library/Frameworks/Security.framework; sourceTree = SDKROOT; };
		571202E718EE2DAE00CC2C42 /* StoreKit.framework */ = {isa = PBXFileReference; lastKnownFileType = wrapper.framework; name = StoreKit.framework; path = System/Library/Frameworks/StoreKit.framework; sourceTree = SDKROOT; };
		571202E818EE2DAE00CC2C42 /* SystemConfiguration.framework */ = {isa = PBXFileReference; lastKnownFileType = wrapper.framework; name = SystemConfiguration.framework; path = System/Library/Frameworks/SystemConfiguration.framework; sourceTree = SDKROOT; };
		57435CF818F1003200B6D587 /* SignUpViewController.h */ = {isa = PBXFileReference; fileEncoding = 4; lastKnownFileType = sourcecode.c.h; path = SignUpViewController.h; sourceTree = "<group>"; };
		57435CF918F1003200B6D587 /* SignUpViewController.m */ = {isa = PBXFileReference; fileEncoding = 4; lastKnownFileType = sourcecode.c.objc; path = SignUpViewController.m; sourceTree = "<group>"; };
		57435D3C18F1CC8700B6D587 /* back3.png */ = {isa = PBXFileReference; lastKnownFileType = image.png; path = back3.png; sourceTree = "<group>"; };
		57435D4018F1D66A00B6D587 /* user.png */ = {isa = PBXFileReference; lastKnownFileType = image.png; path = user.png; sourceTree = "<group>"; };
		57435D4218F1D72300B6D587 /* search.png */ = {isa = PBXFileReference; lastKnownFileType = image.png; path = search.png; sourceTree = "<group>"; };
		57435D4618F1D80500B6D587 /* add.png */ = {isa = PBXFileReference; lastKnownFileType = image.png; path = add.png; sourceTree = "<group>"; };
		57435D4818F1DD4600B6D587 /* go.png */ = {isa = PBXFileReference; lastKnownFileType = image.png; path = go.png; sourceTree = "<group>"; };
		57435D4A18F1DF9C00B6D587 /* back.png */ = {isa = PBXFileReference; lastKnownFileType = image.png; path = back.png; sourceTree = "<group>"; };
		57435D4C18F1DFF000B6D587 /* LoginViewController.h */ = {isa = PBXFileReference; fileEncoding = 4; lastKnownFileType = sourcecode.c.h; path = LoginViewController.h; sourceTree = "<group>"; };
		57435D4D18F1DFF000B6D587 /* LoginViewController.m */ = {isa = PBXFileReference; fileEncoding = 4; lastKnownFileType = sourcecode.c.objc; path = LoginViewController.m; sourceTree = "<group>"; };
		57435D5118F202D400B6D587 /* fb.png */ = {isa = PBXFileReference; lastKnownFileType = image.png; path = fb.png; sourceTree = "<group>"; };
		57435D5618F254F400B6D587 /* defualtuser.png */ = {isa = PBXFileReference; lastKnownFileType = image.png; path = defualtuser.png; sourceTree = "<group>"; };
		57480CE918EF958400E14E90 /* back2.gif */ = {isa = PBXFileReference; lastKnownFileType = image.gif; path = back2.gif; sourceTree = "<group>"; };
		574B8FB118EE1C53007876C4 /* ios-projectomega6.app */ = {isa = PBXFileReference; explicitFileType = wrapper.application; includeInIndex = 0; path = "ios-projectomega6.app"; sourceTree = BUILT_PRODUCTS_DIR; };
		574B8FB418EE1C53007876C4 /* Foundation.framework */ = {isa = PBXFileReference; lastKnownFileType = wrapper.framework; name = Foundation.framework; path = System/Library/Frameworks/Foundation.framework; sourceTree = SDKROOT; };
		574B8FB618EE1C53007876C4 /* CoreGraphics.framework */ = {isa = PBXFileReference; lastKnownFileType = wrapper.framework; name = CoreGraphics.framework; path = System/Library/Frameworks/CoreGraphics.framework; sourceTree = SDKROOT; };
		574B8FB818EE1C53007876C4 /* UIKit.framework */ = {isa = PBXFileReference; lastKnownFileType = wrapper.framework; name = UIKit.framework; path = System/Library/Frameworks/UIKit.framework; sourceTree = SDKROOT; };
		574B8FBC18EE1C53007876C4 /* ios-projectomega6-Info.plist */ = {isa = PBXFileReference; lastKnownFileType = text.plist.xml; path = "ios-projectomega6-Info.plist"; sourceTree = "<group>"; };
		574B8FBE18EE1C53007876C4 /* en */ = {isa = PBXFileReference; lastKnownFileType = text.plist.strings; name = en; path = en.lproj/InfoPlist.strings; sourceTree = "<group>"; };
		574B8FC018EE1C53007876C4 /* main.m */ = {isa = PBXFileReference; lastKnownFileType = sourcecode.c.objc; path = main.m; sourceTree = "<group>"; };
		574B8FC218EE1C53007876C4 /* ios-projectomega6-Prefix.pch */ = {isa = PBXFileReference; lastKnownFileType = sourcecode.c.h; path = "ios-projectomega6-Prefix.pch"; sourceTree = "<group>"; };
		574B8FC318EE1C53007876C4 /* AppDelegate.h */ = {isa = PBXFileReference; lastKnownFileType = sourcecode.c.h; path = AppDelegate.h; sourceTree = "<group>"; };
		574B8FC418EE1C53007876C4 /* AppDelegate.m */ = {isa = PBXFileReference; lastKnownFileType = sourcecode.c.objc; path = AppDelegate.m; sourceTree = "<group>"; };
		574B8FC718EE1C53007876C4 /* Base */ = {isa = PBXFileReference; lastKnownFileType = file.storyboard; name = Base; path = Base.lproj/Main.storyboard; sourceTree = "<group>"; };
		574B8FC918EE1C53007876C4 /* ViewController.h */ = {isa = PBXFileReference; lastKnownFileType = sourcecode.c.h; path = ViewController.h; sourceTree = "<group>"; };
		574B8FCA18EE1C53007876C4 /* ViewController.m */ = {isa = PBXFileReference; lastKnownFileType = sourcecode.c.objc; path = ViewController.m; sourceTree = "<group>"; };
		574B8FCC18EE1C53007876C4 /* Images.xcassets */ = {isa = PBXFileReference; lastKnownFileType = folder.assetcatalog; path = Images.xcassets; sourceTree = "<group>"; };
		574B8FD218EE1C53007876C4 /* ios-projectomega6Tests.xctest */ = {isa = PBXFileReference; explicitFileType = wrapper.cfbundle; includeInIndex = 0; path = "ios-projectomega6Tests.xctest"; sourceTree = BUILT_PRODUCTS_DIR; };
		574B8FD318EE1C53007876C4 /* XCTest.framework */ = {isa = PBXFileReference; lastKnownFileType = wrapper.framework; name = XCTest.framework; path = Library/Frameworks/XCTest.framework; sourceTree = DEVELOPER_DIR; };
		574B8FDB18EE1C53007876C4 /* ios-projectomega6Tests-Info.plist */ = {isa = PBXFileReference; lastKnownFileType = text.plist.xml; path = "ios-projectomega6Tests-Info.plist"; sourceTree = "<group>"; };
		574B8FDD18EE1C53007876C4 /* en */ = {isa = PBXFileReference; lastKnownFileType = text.plist.strings; name = en; path = en.lproj/InfoPlist.strings; sourceTree = "<group>"; };
		574B8FDF18EE1C53007876C4 /* ios_projectomega6Tests.m */ = {isa = PBXFileReference; lastKnownFileType = sourcecode.c.objc; path = ios_projectomega6Tests.m; sourceTree = "<group>"; };
		574B8FE918EE2629007876C4 /* Parse.framework */ = {isa = PBXFileReference; lastKnownFileType = wrapper.framework; path = Parse.framework; sourceTree = "<group>"; };
/* End PBXFileReference section */

/* Begin PBXFrameworksBuildPhase section */
		574B8FAE18EE1C52007876C4 /* Frameworks */ = {
			isa = PBXFrameworksBuildPhase;
			buildActionMask = 2147483647;
			files = (
				571202E918EE2DAE00CC2C42 /* MobileCoreServices.framework in Frameworks */,
				571202EA18EE2DAE00CC2C42 /* QuartzCore.framework in Frameworks */,
				571202EB18EE2DAE00CC2C42 /* Security.framework in Frameworks */,
				571202EC18EE2DAE00CC2C42 /* StoreKit.framework in Frameworks */,
				571202ED18EE2DAE00CC2C42 /* SystemConfiguration.framework in Frameworks */,
				571202E218EE2D8A00CC2C42 /* AudioToolbox.framework in Frameworks */,
				571202E318EE2D8A00CC2C42 /* CoreLocation.framework in Frameworks */,
				574B8FB718EE1C53007876C4 /* CoreGraphics.framework in Frameworks */,
				571202DF18EE2D7700CC2C42 /* libz.dylib in Frameworks */,
				574B8FB918EE1C53007876C4 /* UIKit.framework in Frameworks */,
				574B8FEA18EE2629007876C4 /* Parse.framework in Frameworks */,
				574B8FB518EE1C53007876C4 /* Foundation.framework in Frameworks */,
			);
			runOnlyForDeploymentPostprocessing = 0;
		};
		574B8FCF18EE1C53007876C4 /* Frameworks */ = {
			isa = PBXFrameworksBuildPhase;
			buildActionMask = 2147483647;
			files = (
				574B8FD418EE1C53007876C4 /* XCTest.framework in Frameworks */,
				574B8FD618EE1C53007876C4 /* UIKit.framework in Frameworks */,
				574B8FD518EE1C53007876C4 /* Foundation.framework in Frameworks */,
			);
			runOnlyForDeploymentPostprocessing = 0;
		};
/* End PBXFrameworksBuildPhase section */

/* Begin PBXGroup section */
		57480CE618EF94AE00E14E90 /* Assets */ = {
			isa = PBXGroup;
			children = (
				57435D5618F254F400B6D587 /* defualtuser.png */,
				57435D5118F202D400B6D587 /* fb.png */,
				57435D4A18F1DF9C00B6D587 /* back.png */,
				57435D4818F1DD4600B6D587 /* go.png */,
				57435D4218F1D72300B6D587 /* search.png */,
				57435D4018F1D66A00B6D587 /* user.png */,
				57435D3C18F1CC8700B6D587 /* back3.png */,
				57480CE918EF958400E14E90 /* back2.gif */,
			);
			name = Assets;
			sourceTree = "<group>";
		};
		574B8FA818EE1C52007876C4 = {
			isa = PBXGroup;
			children = (
				574B8FBA18EE1C53007876C4 /* ios-projectomega6 */,
				574B8FD918EE1C53007876C4 /* ios-projectomega6Tests */,
				574B8FB318EE1C53007876C4 /* Frameworks */,
				574B8FB218EE1C53007876C4 /* Products */,
			);
			sourceTree = "<group>";
		};
		574B8FB218EE1C53007876C4 /* Products */ = {
			isa = PBXGroup;
			children = (
				574B8FB118EE1C53007876C4 /* ios-projectomega6.app */,
				574B8FD218EE1C53007876C4 /* ios-projectomega6Tests.xctest */,
			);
			name = Products;
			sourceTree = "<group>";
		};
		574B8FB318EE1C53007876C4 /* Frameworks */ = {
			isa = PBXGroup;
			children = (
				571202E418EE2DAE00CC2C42 /* MobileCoreServices.framework */,
				571202E518EE2DAE00CC2C42 /* QuartzCore.framework */,
				571202E618EE2DAE00CC2C42 /* Security.framework */,
				571202E718EE2DAE00CC2C42 /* StoreKit.framework */,
				571202E818EE2DAE00CC2C42 /* SystemConfiguration.framework */,
				571202E018EE2D8A00CC2C42 /* AudioToolbox.framework */,
				571202E118EE2D8A00CC2C42 /* CoreLocation.framework */,
				571202DE18EE2D7700CC2C42 /* libz.dylib */,
				574B8FE918EE2629007876C4 /* Parse.framework */,
				574B8FB418EE1C53007876C4 /* Foundation.framework */,
				574B8FB618EE1C53007876C4 /* CoreGraphics.framework */,
				574B8FB818EE1C53007876C4 /* UIKit.framework */,
				574B8FD318EE1C53007876C4 /* XCTest.framework */,
			);
			name = Frameworks;
			sourceTree = "<group>";
		};
		574B8FBA18EE1C53007876C4 /* ios-projectomega6 */ = {
			isa = PBXGroup;
			children = (
				574B8FC318EE1C53007876C4 /* AppDelegate.h */,
				574B8FC418EE1C53007876C4 /* AppDelegate.m */,
				574B8FC618EE1C53007876C4 /* Main.storyboard */,
				57435D4C18F1DFF000B6D587 /* LoginViewController.h */,
				570EC69918F2615D00325F91 /* ProfileViewController.h */,
				570EC69A18F2615D00325F91 /* ProfileViewController.m */,
				57435D4D18F1DFF000B6D587 /* LoginViewController.m */,
				574B8FC918EE1C53007876C4 /* ViewController.h */,
				574B8FCA18EE1C53007876C4 /* ViewController.m */,
				57435CF818F1003200B6D587 /* SignUpViewController.h */,
				57435CF918F1003200B6D587 /* SignUpViewController.m */,
				574B8FCC18EE1C53007876C4 /* Images.xcassets */,
				57435D4618F1D80500B6D587 /* add.png */,
				57480CE618EF94AE00E14E90 /* Assets */,
				574B8FBB18EE1C53007876C4 /* Supporting Files */,
			);
			path = "ios-projectomega6";
			sourceTree = "<group>";
		};
		574B8FBB18EE1C53007876C4 /* Supporting Files */ = {
			isa = PBXGroup;
			children = (
				574B8FBC18EE1C53007876C4 /* ios-projectomega6-Info.plist */,
				574B8FBD18EE1C53007876C4 /* InfoPlist.strings */,
				574B8FC018EE1C53007876C4 /* main.m */,
				574B8FC218EE1C53007876C4 /* ios-projectomega6-Prefix.pch */,
			);
			name = "Supporting Files";
			sourceTree = "<group>";
		};
		574B8FD918EE1C53007876C4 /* ios-projectomega6Tests */ = {
			isa = PBXGroup;
			children = (
				574B8FDF18EE1C53007876C4 /* ios_projectomega6Tests.m */,
				574B8FDA18EE1C53007876C4 /* Supporting Files */,
			);
			path = "ios-projectomega6Tests";
			sourceTree = "<group>";
		};
		574B8FDA18EE1C53007876C4 /* Supporting Files */ = {
			isa = PBXGroup;
			children = (
				574B8FDB18EE1C53007876C4 /* ios-projectomega6Tests-Info.plist */,
				574B8FDC18EE1C53007876C4 /* InfoPlist.strings */,
			);
			name = "Supporting Files";
			sourceTree = "<group>";
		};
/* End PBXGroup section */

/* Begin PBXNativeTarget section */
		574B8FB018EE1C52007876C4 /* ios-projectomega6 */ = {
			isa = PBXNativeTarget;
			buildConfigurationList = 574B8FE318EE1C53007876C4 /* Build configuration list for PBXNativeTarget "ios-projectomega6" */;
			buildPhases = (
				574B8FAD18EE1C52007876C4 /* Sources */,
				574B8FAE18EE1C52007876C4 /* Frameworks */,
				574B8FAF18EE1C52007876C4 /* Resources */,
			);
			buildRules = (
			);
			dependencies = (
			);
			name = "ios-projectomega6";
			productName = "ios-projectomega6";
			productReference = 574B8FB118EE1C53007876C4 /* ios-projectomega6.app */;
			productType = "com.apple.product-type.application";
		};
		574B8FD118EE1C53007876C4 /* ios-projectomega6Tests */ = {
			isa = PBXNativeTarget;
			buildConfigurationList = 574B8FE618EE1C53007876C4 /* Build configuration list for PBXNativeTarget "ios-projectomega6Tests" */;
			buildPhases = (
				574B8FCE18EE1C53007876C4 /* Sources */,
				574B8FCF18EE1C53007876C4 /* Frameworks */,
				574B8FD018EE1C53007876C4 /* Resources */,
			);
			buildRules = (
			);
			dependencies = (
				574B8FD818EE1C53007876C4 /* PBXTargetDependency */,
			);
			name = "ios-projectomega6Tests";
			productName = "ios-projectomega6Tests";
			productReference = 574B8FD218EE1C53007876C4 /* ios-projectomega6Tests.xctest */;
			productType = "com.apple.product-type.bundle.unit-test";
		};
/* End PBXNativeTarget section */

/* Begin PBXProject section */
		574B8FA918EE1C52007876C4 /* Project object */ = {
			isa = PBXProject;
			attributes = {
				LastUpgradeCheck = 0510;
				ORGANIZATIONNAME = "Fenrir Inc.";
				TargetAttributes = {
					574B8FD118EE1C53007876C4 = {
						TestTargetID = 574B8FB018EE1C52007876C4;
					};
				};
			};
			buildConfigurationList = 574B8FAC18EE1C52007876C4 /* Build configuration list for PBXProject "ios-projectomega6" */;
			compatibilityVersion = "Xcode 3.2";
			developmentRegion = English;
			hasScannedForEncodings = 0;
			knownRegions = (
				en,
				Base,
			);
			mainGroup = 574B8FA818EE1C52007876C4;
			productRefGroup = 574B8FB218EE1C53007876C4 /* Products */;
			projectDirPath = "";
			projectRoot = "";
			targets = (
				574B8FB018EE1C52007876C4 /* ios-projectomega6 */,
				574B8FD118EE1C53007876C4 /* ios-projectomega6Tests */,
			);
		};
/* End PBXProject section */

/* Begin PBXResourcesBuildPhase section */
		574B8FAF18EE1C52007876C4 /* Resources */ = {
			isa = PBXResourcesBuildPhase;
			buildActionMask = 2147483647;
			files = (
				574B8FCD18EE1C53007876C4 /* Images.xcassets in Resources */,
				574B8FBF18EE1C53007876C4 /* InfoPlist.strings in Resources */,
				57435D5718F254F400B6D587 /* defualtuser.png in Resources */,
				57435D4118F1D66A00B6D587 /* user.png in Resources */,
				57435D4718F1D80500B6D587 /* add.png in Resources */,
				57435D4318F1D72300B6D587 /* search.png in Resources */,
				57435D4918F1DD4600B6D587 /* go.png in Resources */,
				57435D4B18F1DF9C00B6D587 /* back.png in Resources */,
				57435D3D18F1CC8700B6D587 /* back3.png in Resources */,
				57480CEA18EF958400E14E90 /* back2.gif in Resources */,
				57435D5218F202D400B6D587 /* fb.png in Resources */,
				574B8FC818EE1C53007876C4 /* Main.storyboard in Resources */,
			);
			runOnlyForDeploymentPostprocessing = 0;
		};
		574B8FD018EE1C53007876C4 /* Resources */ = {
			isa = PBXResourcesBuildPhase;
			buildActionMask = 2147483647;
			files = (
				574B8FDE18EE1C53007876C4 /* InfoPlist.strings in Resources */,
			);
			runOnlyForDeploymentPostprocessing = 0;
		};
/* End PBXResourcesBuildPhase section */

/* Begin PBXSourcesBuildPhase section */
		574B8FAD18EE1C52007876C4 /* Sources */ = {
			isa = PBXSourcesBuildPhase;
			buildActionMask = 2147483647;
			files = (
				574B8FCB18EE1C53007876C4 /* ViewController.m in Sources */,
				574B8FC518EE1C53007876C4 /* AppDelegate.m in Sources */,
				57435CFA18F1003200B6D587 /* SignUpViewController.m in Sources */,
				574B8FC118EE1C53007876C4 /* main.m in Sources */,
				570EC69B18F2615D00325F91 /* ProfileViewController.m in Sources */,
				57435D4E18F1DFF000B6D587 /* LoginViewController.m in Sources */,
			);
			runOnlyForDeploymentPostprocessing = 0;
		};
		574B8FCE18EE1C53007876C4 /* Sources */ = {
			isa = PBXSourcesBuildPhase;
			buildActionMask = 2147483647;
			files = (
				574B8FE018EE1C53007876C4 /* ios_projectomega6Tests.m in Sources */,
			);
			runOnlyForDeploymentPostprocessing = 0;
		};
/* End PBXSourcesBuildPhase section */

/* Begin PBXTargetDependency section */
		574B8FD818EE1C53007876C4 /* PBXTargetDependency */ = {
			isa = PBXTargetDependency;
			target = 574B8FB018EE1C52007876C4 /* ios-projectomega6 */;
			targetProxy = 574B8FD718EE1C53007876C4 /* PBXContainerItemProxy */;
		};
/* End PBXTargetDependency section */

/* Begin PBXVariantGroup section */
		574B8FBD18EE1C53007876C4 /* InfoPlist.strings */ = {
			isa = PBXVariantGroup;
			children = (
				574B8FBE18EE1C53007876C4 /* en */,
			);
			name = InfoPlist.strings;
			sourceTree = "<group>";
		};
		574B8FC618EE1C53007876C4 /* Main.storyboard */ = {
			isa = PBXVariantGroup;
			children = (
				574B8FC718EE1C53007876C4 /* Base */,
			);
			name = Main.storyboard;
			sourceTree = "<group>";
		};
		574B8FDC18EE1C53007876C4 /* InfoPlist.strings */ = {
			isa = PBXVariantGroup;
			children = (
				574B8FDD18EE1C53007876C4 /* en */,
			);
			name = InfoPlist.strings;
			sourceTree = "<group>";
		};
/* End PBXVariantGroup section */

/* Begin XCBuildConfiguration section */
		574B8FE118EE1C53007876C4 /* Debug */ = {
			isa = XCBuildConfiguration;
			buildSettings = {
				ALWAYS_SEARCH_USER_PATHS = NO;
				CLANG_CXX_LANGUAGE_STANDARD = "gnu++0x";
				CLANG_CXX_LIBRARY = "libc++";
				CLANG_ENABLE_MODULES = YES;
				CLANG_ENABLE_OBJC_ARC = YES;
				CLANG_WARN_BOOL_CONVERSION = YES;
				CLANG_WARN_CONSTANT_CONVERSION = YES;
				CLANG_WARN_DIRECT_OBJC_ISA_USAGE = YES_ERROR;
				CLANG_WARN_EMPTY_BODY = YES;
				CLANG_WARN_ENUM_CONVERSION = YES;
				CLANG_WARN_INT_CONVERSION = YES;
				CLANG_WARN_OBJC_ROOT_CLASS = YES_ERROR;
				CLANG_WARN__DUPLICATE_METHOD_MATCH = YES;
				"CODE_SIGN_IDENTITY[sdk=iphoneos*]" = "iPhone Developer";
				COPY_PHASE_STRIP = NO;
				GCC_C_LANGUAGE_STANDARD = gnu99;
				GCC_DYNAMIC_NO_PIC = NO;
				GCC_OPTIMIZATION_LEVEL = 0;
				GCC_PREPROCESSOR_DEFINITIONS = (
					"DEBUG=1",
					"$(inherited)",
				);
				GCC_SYMBOLS_PRIVATE_EXTERN = NO;
				GCC_WARN_64_TO_32_BIT_CONVERSION = YES;
				GCC_WARN_ABOUT_RETURN_TYPE = YES_ERROR;
				GCC_WARN_UNDECLARED_SELECTOR = YES;
				GCC_WARN_UNINITIALIZED_AUTOS = YES_AGGRESSIVE;
				GCC_WARN_UNUSED_FUNCTION = YES;
				GCC_WARN_UNUSED_VARIABLE = YES;
				IPHONEOS_DEPLOYMENT_TARGET = 7.1;
				ONLY_ACTIVE_ARCH = YES;
				SDKROOT = iphoneos;
			};
			name = Debug;
		};
		574B8FE218EE1C53007876C4 /* Release */ = {
			isa = XCBuildConfiguration;
			buildSettings = {
				ALWAYS_SEARCH_USER_PATHS = NO;
				CLANG_CXX_LANGUAGE_STANDARD = "gnu++0x";
				CLANG_CXX_LIBRARY = "libc++";
				CLANG_ENABLE_MODULES = YES;
				CLANG_ENABLE_OBJC_ARC = YES;
				CLANG_WARN_BOOL_CONVERSION = YES;
				CLANG_WARN_CONSTANT_CONVERSION = YES;
				CLANG_WARN_DIRECT_OBJC_ISA_USAGE = YES_ERROR;
				CLANG_WARN_EMPTY_BODY = YES;
				CLANG_WARN_ENUM_CONVERSION = YES;
				CLANG_WARN_INT_CONVERSION = YES;
				CLANG_WARN_OBJC_ROOT_CLASS = YES_ERROR;
				CLANG_WARN__DUPLICATE_METHOD_MATCH = YES;
				"CODE_SIGN_IDENTITY[sdk=iphoneos*]" = "iPhone Developer";
				COPY_PHASE_STRIP = YES;
				ENABLE_NS_ASSERTIONS = NO;
				GCC_C_LANGUAGE_STANDARD = gnu99;
				GCC_WARN_64_TO_32_BIT_CONVERSION = YES;
				GCC_WARN_ABOUT_RETURN_TYPE = YES_ERROR;
				GCC_WARN_UNDECLARED_SELECTOR = YES;
				GCC_WARN_UNINITIALIZED_AUTOS = YES_AGGRESSIVE;
				GCC_WARN_UNUSED_FUNCTION = YES;
				GCC_WARN_UNUSED_VARIABLE = YES;
				IPHONEOS_DEPLOYMENT_TARGET = 7.1;
				SDKROOT = iphoneos;
				VALIDATE_PRODUCT = YES;
			};
			name = Release;
		};
		574B8FE418EE1C53007876C4 /* Debug */ = {
			isa = XCBuildConfiguration;
			buildSettings = {
				ASSETCATALOG_COMPILER_APPICON_NAME = AppIcon;
				ASSETCATALOG_COMPILER_LAUNCHIMAGE_NAME = LaunchImage;
				FRAMEWORK_SEARCH_PATHS = (
					"$(inherited)",
					"$(PROJECT_DIR)",
				);
				GCC_PRECOMPILE_PREFIX_HEADER = YES;
				GCC_PREFIX_HEADER = "ios-projectomega6/ios-projectomega6-Prefix.pch";
				INFOPLIST_FILE = "ios-projectomega6/ios-projectomega6-Info.plist";
				IPHONEOS_DEPLOYMENT_TARGET = 7.1;
				PRODUCT_NAME = "$(TARGET_NAME)";
				WRAPPER_EXTENSION = app;
			};
			name = Debug;
		};
		574B8FE518EE1C53007876C4 /* Release */ = {
			isa = XCBuildConfiguration;
			buildSettings = {
				ASSETCATALOG_COMPILER_APPICON_NAME = AppIcon;
				ASSETCATALOG_COMPILER_LAUNCHIMAGE_NAME = LaunchImage;
				FRAMEWORK_SEARCH_PATHS = (
					"$(inherited)",
					"$(PROJECT_DIR)",
				);
				GCC_PRECOMPILE_PREFIX_HEADER = YES;
				GCC_PREFIX_HEADER = "ios-projectomega6/ios-projectomega6-Prefix.pch";
				INFOPLIST_FILE = "ios-projectomega6/ios-projectomega6-Info.plist";
				IPHONEOS_DEPLOYMENT_TARGET = 7.1;
				PRODUCT_NAME = "$(TARGET_NAME)";
				WRAPPER_EXTENSION = app;
			};
			name = Release;
		};
		574B8FE718EE1C53007876C4 /* Debug */ = {
			isa = XCBuildConfiguration;
			buildSettings = {
				BUNDLE_LOADER = "$(BUILT_PRODUCTS_DIR)/ios-projectomega6.app/ios-projectomega6";
				FRAMEWORK_SEARCH_PATHS = (
					"$(SDKROOT)/Developer/Library/Frameworks",
					"$(inherited)",
					"$(DEVELOPER_FRAMEWORKS_DIR)",
				);
				GCC_PRECOMPILE_PREFIX_HEADER = YES;
				GCC_PREFIX_HEADER = "ios-projectomega6/ios-projectomega6-Prefix.pch";
				GCC_PREPROCESSOR_DEFINITIONS = (
					"DEBUG=1",
					"$(inherited)",
				);
				INFOPLIST_FILE = "ios-projectomega6Tests/ios-projectomega6Tests-Info.plist";
				PRODUCT_NAME = "$(TARGET_NAME)";
				TEST_HOST = "$(BUNDLE_LOADER)";
				WRAPPER_EXTENSION = xctest;
			};
			name = Debug;
		};
		574B8FE818EE1C53007876C4 /* Release */ = {
			isa = XCBuildConfiguration;
			buildSettings = {
				BUNDLE_LOADER = "$(BUILT_PRODUCTS_DIR)/ios-projectomega6.app/ios-projectomega6";
				FRAMEWORK_SEARCH_PATHS = (
					"$(SDKROOT)/Developer/Library/Frameworks",
					"$(inherited)",
					"$(DEVELOPER_FRAMEWORKS_DIR)",
				);
				GCC_PRECOMPILE_PREFIX_HEADER = YES;
				GCC_PREFIX_HEADER = "ios-projectomega6/ios-projectomega6-Prefix.pch";
				INFOPLIST_FILE = "ios-projectomega6Tests/ios-projectomega6Tests-Info.plist";
				PRODUCT_NAME = "$(TARGET_NAME)";
				TEST_HOST = "$(BUNDLE_LOADER)";
				WRAPPER_EXTENSION = xctest;
			};
			name = Release;
		};
/* End XCBuildConfiguration section */

/* Begin XCConfigurationList section */
		574B8FAC18EE1C52007876C4 /* Build configuration list for PBXProject "ios-projectomega6" */ = {
			isa = XCConfigurationList;
			buildConfigurations = (
				574B8FE118EE1C53007876C4 /* Debug */,
				574B8FE218EE1C53007876C4 /* Release */,
			);
			defaultConfigurationIsVisible = 0;
			defaultConfigurationName = Release;
		};
		574B8FE318EE1C53007876C4 /* Build configuration list for PBXNativeTarget "ios-projectomega6" */ = {
			isa = XCConfigurationList;
			buildConfigurations = (
				574B8FE418EE1C53007876C4 /* Debug */,
				574B8FE518EE1C53007876C4 /* Release */,
			);
			defaultConfigurationIsVisible = 0;
			defaultConfigurationName = Release;
		};
		574B8FE618EE1C53007876C4 /* Build configuration list for PBXNativeTarget "ios-projectomega6Tests" */ = {
			isa = XCConfigurationList;
			buildConfigurations = (
				574B8FE718EE1C53007876C4 /* Debug */,
				574B8FE818EE1C53007876C4 /* Release */,
			);
			defaultConfigurationIsVisible = 0;
			defaultConfigurationName = Release;
		};
/* End XCConfigurationList section */
	};
	rootObject = 574B8FA918EE1C52007876C4 /* Project object */;
}
